{
  "name": "create-skelton",
  "version": "3.0.2",
  "lockfileVersion": 2,
  "requires": true,
  "packages": {
    "": {
      "name": "create-skelton",
      "version": "3.0.2",
      "license": "MIT",
      "dependencies": {
        "fsmate": "^2.4.1",
        "printfy": "^2.0.5"
      },
      "bin": {
        "create-skelton": "bin/skelton.js"
      }
    },
    "node_modules/fsmate": {
      "version": "2.4.1",
      "resolved": "https://registry.npmjs.org/fsmate/-/fsmate-2.4.1.tgz",
      "integrity": "sha512-AzbJLpcQYBsoaHAOhDJzONgVtnpiwuEqUDBpN/uC38xSnh2KfoZMyixG+X3gz/+vO7CBmJTxFCQX64dKMBJORA==",
      "dependencies": {
        "printfy": "^2.0.5"
      }
    },
    "node_modules/printfy": {
      "version": "2.0.5",
      "resolved": "https://registry.npmjs.org/printfy/-/printfy-2.0.5.tgz",
      "integrity": "sha512-719pwmMNQa+ypM+sWtD0O2jCEc1ZLw6GbaJ5sH4lley6obMmd/DS2uBO++ITFAXYSYL3ZGp7SGxoy8M5Sr9l/Q==",
      "engines": {
        "node": ">=12"
      }
    }
  },
  "dependencies": {
    "fsmate": {
      "version": "2.4.1",
      "resolved": "https://registry.npmjs.org/fsmate/-/fsmate-2.4.1.tgz",
      "integrity": "sha512-AzbJLpcQYBsoaHAOhDJzONgVtnpiwuEqUDBpN/uC38xSnh2KfoZMyixG+X3gz/+vO7CBmJTxFCQX64dKMBJORA==",
      "requires": {
        "printfy": "^2.0.5"
      }
    },
    "printfy": {
      "version": "2.0.5",
      "resolved": "https://registry.npmjs.org/printfy/-/printfy-2.0.5.tgz",
      "integrity": "sha512-719pwmMNQa+ypM+sWtD0O2jCEc1ZLw6GbaJ5sH4lley6obMmd/DS2uBO++ITFAXYSYL3ZGp7SGxoy8M5Sr9l/Q=="
    }
  }
}
